// !$*UTF8*$!
{
	archiveVersion = 1;
	classes = {
	};
	objectVersion = 48;
	objects = {

/* Begin PBXBuildFile section */
		000F9E9B205C1F85008A9077 /* AppDelegate.swift in Sources */ = {isa = PBXBuildFile; fileRef = 000F9E9A205C1F85008A9077 /* AppDelegate.swift */; };
		000F9E9D205C1F85008A9077 /* EventsController.swift in Sources */ = {isa = PBXBuildFile; fileRef = 000F9E9C205C1F85008A9077 /* EventsController.swift */; };
		000F9EA2205C1F85008A9077 /* Assets.xcassets in Resources */ = {isa = PBXBuildFile; fileRef = 000F9EA1205C1F85008A9077 /* Assets.xcassets */; };
		000F9EA5205C1F85008A9077 /* LaunchScreen.storyboard in Resources */ = {isa = PBXBuildFile; fileRef = 000F9EA3205C1F85008A9077 /* LaunchScreen.storyboard */; };
		000F9EAF205C2421008A9077 /* Extensions.swift in Sources */ = {isa = PBXBuildFile; fileRef = 000F9EAE205C2421008A9077 /* Extensions.swift */; };
		000F9EB2205C2685008A9077 /* ArticleCell.swift in Sources */ = {isa = PBXBuildFile; fileRef = 000F9EB1205C2685008A9077 /* ArticleCell.swift */; };
		007CEEB1205C36470050A4F4 /* Articles.swift in Sources */ = {isa = PBXBuildFile; fileRef = 007CEEB0205C36470050A4F4 /* Articles.swift */; };
		00D12FEA2060000600875BB8 /* ArticleDetailController.swift in Sources */ = {isa = PBXBuildFile; fileRef = 00D12FE92060000600875BB8 /* ArticleDetailController.swift */; };
		00D12FEC2060065700875BB8 /* ArticleDetailCell.swift in Sources */ = {isa = PBXBuildFile; fileRef = 00D12FEB2060065700875BB8 /* ArticleDetailCell.swift */; };
		00D9E9A7206C37B7004E064E /* ArticleImagesCell.swift in Sources */ = {isa = PBXBuildFile; fileRef = 00D9E9A6206C37B7004E064E /* ArticleImagesCell.swift */; };
		AD09E38A2076D4BE006939DD /* Utilities.swift in Sources */ = {isa = PBXBuildFile; fileRef = AD09E3892076D4BE006939DD /* Utilities.swift */; };
		ADDA3BF52073D365001FFA50 /* ArticleDetailMapCell.swift in Sources */ = {isa = PBXBuildFile; fileRef = ADDA3BF42073D365001FFA50 /* ArticleDetailMapCell.swift */; };
/* End PBXBuildFile section */

/* Begin PBXFileReference section */
		000F9E97205C1F85008A9077 /* Events02.app */ = {isa = PBXFileReference; explicitFileType = wrapper.application; includeInIndex = 0; path = Events02.app; sourceTree = BUILT_PRODUCTS_DIR; };
		000F9E9A205C1F85008A9077 /* AppDelegate.swift */ = {isa = PBXFileReference; lastKnownFileType = sourcecode.swift; path = AppDelegate.swift; sourceTree = "<group>"; };
		000F9E9C205C1F85008A9077 /* EventsController.swift */ = {isa = PBXFileReference; lastKnownFileType = sourcecode.swift; path = EventsController.swift; sourceTree = "<group>"; };
		000F9EA1205C1F85008A9077 /* Assets.xcassets */ = {isa = PBXFileReference; lastKnownFileType = folder.assetcatalog; path = Assets.xcassets; sourceTree = "<group>"; };
		000F9EA4205C1F85008A9077 /* Base */ = {isa = PBXFileReference; lastKnownFileType = file.storyboard; name = Base; path = Base.lproj/LaunchScreen.storyboard; sourceTree = "<group>"; };
		000F9EA6205C1F85008A9077 /* Info.plist */ = {isa = PBXFileReference; lastKnownFileType = text.plist.xml; path = Info.plist; sourceTree = "<group>"; };
		000F9EAE205C2421008A9077 /* Extensions.swift */ = {isa = PBXFileReference; lastKnownFileType = sourcecode.swift; path = Extensions.swift; sourceTree = "<group>"; };
		000F9EB1205C2685008A9077 /* ArticleCell.swift */ = {isa = PBXFileReference; lastKnownFileType = sourcecode.swift; path = ArticleCell.swift; sourceTree = "<group>"; };
		007CEEB0205C36470050A4F4 /* Articles.swift */ = {isa = PBXFileReference; lastKnownFileType = sourcecode.swift; path = Articles.swift; sourceTree = "<group>"; };
		00D12FE92060000600875BB8 /* ArticleDetailController.swift */ = {isa = PBXFileReference; lastKnownFileType = sourcecode.swift; path = ArticleDetailController.swift; sourceTree = "<group>"; };
		00D12FEB2060065700875BB8 /* ArticleDetailCell.swift */ = {isa = PBXFileReference; lastKnownFileType = sourcecode.swift; path = ArticleDetailCell.swift; sourceTree = "<group>"; };
		00D9E9A6206C37B7004E064E /* ArticleImagesCell.swift */ = {isa = PBXFileReference; lastKnownFileType = sourcecode.swift; path = ArticleImagesCell.swift; sourceTree = "<group>"; };
		AD09E3892076D4BE006939DD /* Utilities.swift */ = {isa = PBXFileReference; lastKnownFileType = sourcecode.swift; path = Utilities.swift; sourceTree = "<group>"; };
		ADDA3BF42073D365001FFA50 /* ArticleDetailMapCell.swift */ = {isa = PBXFileReference; lastKnownFileType = sourcecode.swift; path = ArticleDetailMapCell.swift; sourceTree = "<group>"; };
/* End PBXFileReference section */

/* Begin PBXFrameworksBuildPhase section */
		000F9E94205C1F85008A9077 /* Frameworks */ = {
			isa = PBXFrameworksBuildPhase;
			buildActionMask = 2147483647;
			files = (
			);
			runOnlyForDeploymentPostprocessing = 0;
		};
/* End PBXFrameworksBuildPhase section */

/* Begin PBXGroup section */
		000F9E8E205C1F85008A9077 = {
			isa = PBXGroup;
			children = (
				000F9E99205C1F85008A9077 /* Events02 */,
				000F9E98205C1F85008A9077 /* Products */,
			);
			sourceTree = "<group>";
		};
		000F9E98205C1F85008A9077 /* Products */ = {
			isa = PBXGroup;
			children = (
				000F9E97205C1F85008A9077 /* Events02.app */,
			);
			name = Products;
			sourceTree = "<group>";
		};
		000F9E99205C1F85008A9077 /* Events02 */ = {
			isa = PBXGroup;
			children = (
				007CEEAF205C363B0050A4F4 /* Models */,
				000F9EB0205C2675008A9077 /* Views */,
				000F9EAD205C2414008A9077 /* Helpers */,
				000F9EAC205C1F98008A9077 /* Controllers */,
				000F9E9A205C1F85008A9077 /* AppDelegate.swift */,
				000F9EA1205C1F85008A9077 /* Assets.xcassets */,
				000F9EA3205C1F85008A9077 /* LaunchScreen.storyboard */,
				000F9EA6205C1F85008A9077 /* Info.plist */,
			);
			path = Events02;
			sourceTree = "<group>";
		};
		000F9EAC205C1F98008A9077 /* Controllers */ = {
			isa = PBXGroup;
			children = (
				000F9E9C205C1F85008A9077 /* EventsController.swift */,
				00D12FE92060000600875BB8 /* ArticleDetailController.swift */,
			);
			path = Controllers;
			sourceTree = "<group>";
		};
		000F9EAD205C2414008A9077 /* Helpers */ = {
			isa = PBXGroup;
			children = (
				000F9EAE205C2421008A9077 /* Extensions.swift */,
				AD09E3892076D4BE006939DD /* Utilities.swift */,
			);
			path = Helpers;
			sourceTree = "<group>";
		};
		000F9EB0205C2675008A9077 /* Views */ = {
			isa = PBXGroup;
			children = (
				000F9EB1205C2685008A9077 /* ArticleCell.swift */,
				00D12FEB2060065700875BB8 /* ArticleDetailCell.swift */,
				00D9E9A6206C37B7004E064E /* ArticleImagesCell.swift */,
				ADDA3BF42073D365001FFA50 /* ArticleDetailMapCell.swift */,
			);
			path = Views;
			sourceTree = "<group>";
		};
		007CEEAF205C363B0050A4F4 /* Models */ = {
			isa = PBXGroup;
			children = (
				007CEEB0205C36470050A4F4 /* Articles.swift */,
			);
			path = Models;
			sourceTree = "<group>";
		};
/* End PBXGroup section */

/* Begin PBXNativeTarget section */
		000F9E96205C1F85008A9077 /* Events02 */ = {
			isa = PBXNativeTarget;
			buildConfigurationList = 000F9EA9205C1F85008A9077 /* Build configuration list for PBXNativeTarget "Events02" */;
			buildPhases = (
				000F9E93205C1F85008A9077 /* Sources */,
				000F9E94205C1F85008A9077 /* Frameworks */,
				000F9E95205C1F85008A9077 /* Resources */,
			);
			buildRules = (
			);
			dependencies = (
			);
			name = Events02;
			productName = Events02;
			productReference = 000F9E97205C1F85008A9077 /* Events02.app */;
			productType = "com.apple.product-type.application";
		};
/* End PBXNativeTarget section */

/* Begin PBXProject section */
		000F9E8F205C1F85008A9077 /* Project object */ = {
			isa = PBXProject;
			attributes = {
				LastSwiftUpdateCheck = 0920;
				LastUpgradeCheck = 0920;
				ORGANIZATIONNAME = "Todd Fleeman";
				TargetAttributes = {
					000F9E96205C1F85008A9077 = {
						CreatedOnToolsVersion = 9.2;
						ProvisioningStyle = Automatic;
					};
				};
			};
			buildConfigurationList = 000F9E92205C1F85008A9077 /* Build configuration list for PBXProject "Events02" */;
			compatibilityVersion = "Xcode 8.0";
			developmentRegion = en;
			hasScannedForEncodings = 0;
			knownRegions = (
				en,
				Base,
			);
			mainGroup = 000F9E8E205C1F85008A9077;
			productRefGroup = 000F9E98205C1F85008A9077 /* Products */;
			projectDirPath = "";
			projectRoot = "";
			targets = (
				000F9E96205C1F85008A9077 /* Events02 */,
			);
		};
/* End PBXProject section */

/* Begin PBXResourcesBuildPhase section */
		000F9E95205C1F85008A9077 /* Resources */ = {
			isa = PBXResourcesBuildPhase;
			buildActionMask = 2147483647;
			files = (
				000F9EA5205C1F85008A9077 /* LaunchScreen.storyboard in Resources */,
				000F9EA2205C1F85008A9077 /* Assets.xcassets in Resources */,
			);
			runOnlyForDeploymentPostprocessing = 0;
		};
/* End PBXResourcesBuildPhase section */

/* Begin PBXSourcesBuildPhase section */
		000F9E93205C1F85008A9077 /* Sources */ = {
			isa = PBXSourcesBuildPhase;
			buildActionMask = 2147483647;
			files = (
				000F9EB2205C2685008A9077 /* ArticleCell.swift in Sources */,
				007CEEB1205C36470050A4F4 /* Articles.swift in Sources */,
				000F9E9D205C1F85008A9077 /* EventsController.swift in Sources */,
				00D12FEC2060065700875BB8 /* ArticleDetailCell.swift in Sources */,
				00D9E9A7206C37B7004E064E /* ArticleImagesCell.swift in Sources */,
				00D12FEA2060000600875BB8 /* ArticleDetailController.swift in Sources */,
				ADDA3BF52073D365001FFA50 /* ArticleDetailMapCell.swift in Sources */,
				000F9EAF205C2421008A9077 /* Extensions.swift in Sources */,
				AD09E38A2076D4BE006939DD /* Utilities.swift in Sources */,
				000F9E9B205C1F85008A9077 /* AppDelegate.swift in Sources */,
			);
			runOnlyForDeploymentPostprocessing = 0;
		};
/* End PBXSourcesBuildPhase section */

/* Begin PBXVariantGroup section */
		000F9EA3205C1F85008A9077 /* LaunchScreen.storyboard */ = {
			isa = PBXVariantGroup;
			children = (
				000F9EA4205C1F85008A9077 /* Base */,
			);
			name = LaunchScreen.storyboard;
			sourceTree = "<group>";
		};
/* End PBXVariantGroup section */

/* Begin XCBuildConfiguration section */
		000F9EA7205C1F85008A9077 /* Debug */ = {
			isa = XCBuildConfiguration;
			buildSettings = {
				ALWAYS_SEARCH_USER_PATHS = NO;
				CLANG_ANALYZER_NONNULL = YES;
				CLANG_ANALYZER_NUMBER_OBJECT_CONVERSION = YES_AGGRESSIVE;
				CLANG_CXX_LANGUAGE_STANDARD = "gnu++14";
				CLANG_CXX_LIBRARY = "libc++";
				CLANG_ENABLE_MODULES = YES;
				CLANG_ENABLE_OBJC_ARC = YES;
				CLANG_WARN_BLOCK_CAPTURE_AUTORELEASING = YES;
				CLANG_WARN_BOOL_CONVERSION = YES;
				CLANG_WARN_COMMA = YES;
				CLANG_WARN_CONSTANT_CONVERSION = YES;
				CLANG_WARN_DIRECT_OBJC_ISA_USAGE = YES_ERROR;
				CLANG_WARN_DOCUMENTATION_COMMENTS = YES;
				CLANG_WARN_EMPTY_BODY = YES;
				CLANG_WARN_ENUM_CONVERSION = YES;
				CLANG_WARN_INFINITE_RECURSION = YES;
				CLANG_WARN_INT_CONVERSION = YES;
				CLANG_WARN_NON_LITERAL_NULL_CONVERSION = YES;
				CLANG_WARN_OBJC_LITERAL_CONVERSION = YES;
				CLANG_WARN_OBJC_ROOT_CLASS = YES_ERROR;
				CLANG_WARN_RANGE_LOOP_ANALYSIS = YES;
				CLANG_WARN_STRICT_PROTOTYPES = YES;
				CLANG_WARN_SUSPICIOUS_MOVE = YES;
				CLANG_WARN_UNGUARDED_AVAILABILITY = YES_AGGRESSIVE;
				CLANG_WARN_UNREACHABLE_CODE = YES;
				CLANG_WARN__DUPLICATE_METHOD_MATCH = YES;
				CODE_SIGN_IDENTITY = "iPhone Developer";
				COPY_PHASE_STRIP = NO;
				DEBUG_INFORMATION_FORMAT = dwarf;
				ENABLE_STRICT_OBJC_MSGSEND = YES;
				ENABLE_TESTABILITY = YES;
				GCC_C_LANGUAGE_STANDARD = gnu11;
				GCC_DYNAMIC_NO_PIC = NO;
				GCC_NO_COMMON_BLOCKS = YES;
				GCC_OPTIMIZATION_LEVEL = 0;
				GCC_PREPROCESSOR_DEFINITIONS = (
					"DEBUG=1",
					"$(inherited)",
				);
				GCC_WARN_64_TO_32_BIT_CONVERSION = YES;
				GCC_WARN_ABOUT_RETURN_TYPE = YES_ERROR;
				GCC_WARN_UNDECLARED_SELECTOR = YES;
				GCC_WARN_UNINITIALIZED_AUTOS = YES_AGGRESSIVE;
				GCC_WARN_UNUSED_FUNCTION = YES;
				GCC_WARN_UNUSED_VARIABLE = YES;
				IPHONEOS_DEPLOYMENT_TARGET = 11.2;
				MTL_ENABLE_DEBUG_INFO = YES;
				ONLY_ACTIVE_ARCH = YES;
				SDKROOT = iphoneos;
				SWIFT_ACTIVE_COMPILATION_CONDITIONS = DEBUG;
				SWIFT_OPTIMIZATION_LEVEL = "-Onone";
			};
			name = Debug;
		};
		000F9EA8205C1F85008A9077 /* Release */ = {
			isa = XCBuildConfiguration;
			buildSettings = {
				ALWAYS_SEARCH_USER_PATHS = NO;
				CLANG_ANALYZER_NONNULL = YES;
				CLANG_ANALYZER_NUMBER_OBJECT_CONVERSION = YES_AGGRESSIVE;
				CLANG_CXX_LANGUAGE_STANDARD = "gnu++14";
				CLANG_CXX_LIBRARY = "libc++";
				CLANG_ENABLE_MODULES = YES;
				CLANG_ENABLE_OBJC_ARC = YES;
				CLANG_WARN_BLOCK_CAPTURE_AUTORELEASING = YES;
				CLANG_WARN_BOOL_CONVERSION = YES;
				CLANG_WARN_COMMA = YES;
				CLANG_WARN_CONSTANT_CONVERSION = YES;
				CLANG_WARN_DIRECT_OBJC_ISA_USAGE = YES_ERROR;
				CLANG_WARN_DOCUMENTATION_COMMENTS = YES;
				CLANG_WARN_EMPTY_BODY = YES;
				CLANG_WARN_ENUM_CONVERSION = YES;
				CLANG_WARN_INFINITE_RECURSION = YES;
				CLANG_WARN_INT_CONVERSION = YES;
				CLANG_WARN_NON_LITERAL_NULL_CONVERSION = YES;
				CLANG_WARN_OBJC_LITERAL_CONVERSION = YES;
				CLANG_WARN_OBJC_ROOT_CLASS = YES_ERROR;
				CLANG_WARN_RANGE_LOOP_ANALYSIS = YES;
				CLANG_WARN_STRICT_PROTOTYPES = YES;
				CLANG_WARN_SUSPICIOUS_MOVE = YES;
				CLANG_WARN_UNGUARDED_AVAILABILITY = YES_AGGRESSIVE;
				CLANG_WARN_UNREACHABLE_CODE = YES;
				CLANG_WARN__DUPLICATE_METHOD_MATCH = YES;
				CODE_SIGN_IDENTITY = "iPhone Developer";
				COPY_PHASE_STRIP = NO;
				DEBUG_INFORMATION_FORMAT = "dwarf-with-dsym";
				ENABLE_NS_ASSERTIONS = NO;
				ENABLE_STRICT_OBJC_MSGSEND = YES;
				GCC_C_LANGUAGE_STANDARD = gnu11;
				GCC_NO_COMMON_BLOCKS = YES;
				GCC_WARN_64_TO_32_BIT_CONVERSION = YES;
				GCC_WARN_ABOUT_RETURN_TYPE = YES_ERROR;
				GCC_WARN_UNDECLARED_SELECTOR = YES;
				GCC_WARN_UNINITIALIZED_AUTOS = YES_AGGRESSIVE;
				GCC_WARN_UNUSED_FUNCTION = YES;
				GCC_WARN_UNUSED_VARIABLE = YES;
				IPHONEOS_DEPLOYMENT_TARGET = 11.2;
				MTL_ENABLE_DEBUG_INFO = NO;
				SDKROOT = iphoneos;
				SWIFT_OPTIMIZATION_LEVEL = "-Owholemodule";
				VALIDATE_PRODUCT = YES;
			};
			name = Release;
		};
		000F9EAA205C1F85008A9077 /* Debug */ = {
			isa = XCBuildConfiguration;
			buildSettings = {
				ASSETCATALOG_COMPILER_APPICON_NAME = AppIcon;
				CODE_SIGN_STYLE = Automatic;
				INFOPLIST_FILE = Events02/Info.plist;
				LD_RUNPATH_SEARCH_PATHS = "$(inherited) @executable_path/Frameworks";
				PRODUCT_BUNDLE_IDENTIFIER = com.rtodd.Events02;
				PRODUCT_NAME = "$(TARGET_NAME)";
				SWIFT_VERSION = 4.0;
				TARGETED_DEVICE_FAMILY = "1,2";
			};
			name = Debug;
		};
		000F9EAB205C1F85008A9077 /* Release */ = {
			isa = XCBuildConfiguration;
			buildSettings = {
				ASSETCATALOG_COMPILER_APPICON_NAME = AppIcon;
				CODE_SIGN_STYLE = Automatic;
				INFOPLIST_FILE = Events02/Info.plist;
				LD_RUNPATH_SEARCH_PATHS = "$(inherited) @executable_path/Frameworks";
				PRODUCT_BUNDLE_IDENTIFIER = com.rtodd.Events02;
				PRODUCT_NAME = "$(TARGET_NAME)";
				SWIFT_VERSION = 4.0;
				TARGETED_DEVICE_FAMILY = "1,2";
			};
			name = Release;
		};
/* End XCBuildConfiguration section */

/* Begin XCConfigurationList section */
		000F9E92205C1F85008A9077 /* Build configuration list for PBXProject "Events02" */ = {
			isa = XCConfigurationList;
			buildConfigurations = (
				000F9EA7205C1F85008A9077 /* Debug */,
				000F9EA8205C1F85008A9077 /* Release */,
			);
			defaultConfigurationIsVisible = 0;
			defaultConfigurationName = Release;
		};
		000F9EA9205C1F85008A9077 /* Build configuration list for PBXNativeTarget "Events02" */ = {
			isa = XCConfigurationList;
			buildConfigurations = (
				000F9EAA205C1F85008A9077 /* Debug */,
				000F9EAB205C1F85008A9077 /* Release */,
			);
			defaultConfigurationIsVisible = 0;
			defaultConfigurationName = Release;
		};
/* End XCConfigurationList section */
	};
	rootObject = 000F9E8F205C1F85008A9077 /* Project object */;
}
