// !$*UTF8*$!
{
	archiveVersion = 1;
	classes = {
	};
	objectVersion = 48;
	objects = {

/* Begin PBXBuildFile section */
		00AD280420445CF7008EF966 /* AppDelegate.swift in Sources */ = {isa = PBXBuildFile; fileRef = 00AD280320445CF7008EF966 /* AppDelegate.swift */; };
		00AD280620445CF7008EF966 /* ViewController.swift in Sources */ = {isa = PBXBuildFile; fileRef = 00AD280520445CF7008EF966 /* ViewController.swift */; };
		00AD280B20445CF7008EF966 /* Assets.xcassets in Resources */ = {isa = PBXBuildFile; fileRef = 00AD280A20445CF7008EF966 /* Assets.xcassets */; };
		00AD280E20445CF7008EF966 /* LaunchScreen.storyboard in Resources */ = {isa = PBXBuildFile; fileRef = 00AD280C20445CF7008EF966 /* LaunchScreen.storyboard */; };
		00AD281720447619008EF966 /* CategoryCell.swift in Sources */ = {isa = PBXBuildFile; fileRef = 00AD281620447619008EF966 /* CategoryCell.swift */; };
		00AD2819204482FE008EF966 /* PersonCell.swift in Sources */ = {isa = PBXBuildFile; fileRef = 00AD2818204482FE008EF966 /* PersonCell.swift */; };
		00AD281C20449972008EF966 /* Extensions.swift in Sources */ = {isa = PBXBuildFile; fileRef = 00AD281B20449972008EF966 /* Extensions.swift */; };
		00AD281E2044BB13008EF966 /* Models.swift in Sources */ = {isa = PBXBuildFile; fileRef = 00AD281D2044BB13008EF966 /* Models.swift */; };
		758BB16E204A4CA10003EB42 /* PersonDetailContoller.swift in Sources */ = {isa = PBXBuildFile; fileRef = 758BB16D204A4CA10003EB42 /* PersonDetailContoller.swift */; };
/* End PBXBuildFile section */

/* Begin PBXFileReference section */
		00AD280020445CF7008EF966 /* AppStore02.app */ = {isa = PBXFileReference; explicitFileType = wrapper.application; includeInIndex = 0; path = AppStore02.app; sourceTree = BUILT_PRODUCTS_DIR; };
		00AD280320445CF7008EF966 /* AppDelegate.swift */ = {isa = PBXFileReference; lastKnownFileType = sourcecode.swift; path = AppDelegate.swift; sourceTree = "<group>"; };
		00AD280520445CF7008EF966 /* ViewController.swift */ = {isa = PBXFileReference; lastKnownFileType = sourcecode.swift; path = ViewController.swift; sourceTree = "<group>"; };
		00AD280A20445CF7008EF966 /* Assets.xcassets */ = {isa = PBXFileReference; lastKnownFileType = folder.assetcatalog; path = Assets.xcassets; sourceTree = "<group>"; };
		00AD280D20445CF7008EF966 /* Base */ = {isa = PBXFileReference; lastKnownFileType = file.storyboard; name = Base; path = Base.lproj/LaunchScreen.storyboard; sourceTree = "<group>"; };
		00AD280F20445CF7008EF966 /* Info.plist */ = {isa = PBXFileReference; lastKnownFileType = text.plist.xml; path = Info.plist; sourceTree = "<group>"; };
		00AD281620447619008EF966 /* CategoryCell.swift */ = {isa = PBXFileReference; lastKnownFileType = sourcecode.swift; path = CategoryCell.swift; sourceTree = "<group>"; };
		00AD2818204482FE008EF966 /* PersonCell.swift */ = {isa = PBXFileReference; lastKnownFileType = sourcecode.swift; path = PersonCell.swift; sourceTree = "<group>"; };
		00AD281B20449972008EF966 /* Extensions.swift */ = {isa = PBXFileReference; lastKnownFileType = sourcecode.swift; path = Extensions.swift; sourceTree = "<group>"; };
		00AD281D2044BB13008EF966 /* Models.swift */ = {isa = PBXFileReference; lastKnownFileType = sourcecode.swift; path = Models.swift; sourceTree = "<group>"; };
		758BB16D204A4CA10003EB42 /* PersonDetailContoller.swift */ = {isa = PBXFileReference; lastKnownFileType = sourcecode.swift; path = PersonDetailContoller.swift; sourceTree = "<group>"; };
/* End PBXFileReference section */

/* Begin PBXFrameworksBuildPhase section */
		00AD27FD20445CF7008EF966 /* Frameworks */ = {
			isa = PBXFrameworksBuildPhase;
			buildActionMask = 2147483647;
			files = (
			);
			runOnlyForDeploymentPostprocessing = 0;
		};
/* End PBXFrameworksBuildPhase section */

/* Begin PBXGroup section */
		00AD27F720445CF7008EF966 = {
			isa = PBXGroup;
			children = (
				00AD280220445CF7008EF966 /* AppStore02 */,
				00AD280120445CF7008EF966 /* Products */,
			);
			sourceTree = "<group>";
		};
		00AD280120445CF7008EF966 /* Products */ = {
			isa = PBXGroup;
			children = (
				00AD280020445CF7008EF966 /* AppStore02.app */,
			);
			name = Products;
			sourceTree = "<group>";
		};
		00AD280220445CF7008EF966 /* AppStore02 */ = {
			isa = PBXGroup;
			children = (
				758BB16F204A4DA50003EB42 /* Controllers */,
				00AD281A20449960008EF966 /* Helpers */,
				00AD281520447608008EF966 /* Views */,
				00AD280320445CF7008EF966 /* AppDelegate.swift */,
				00AD281D2044BB13008EF966 /* Models.swift */,
				00AD280A20445CF7008EF966 /* Assets.xcassets */,
				00AD280C20445CF7008EF966 /* LaunchScreen.storyboard */,
				00AD280F20445CF7008EF966 /* Info.plist */,
			);
			path = AppStore02;
			sourceTree = "<group>";
		};
		00AD281520447608008EF966 /* Views */ = {
			isa = PBXGroup;
			children = (
				00AD281620447619008EF966 /* CategoryCell.swift */,
				00AD2818204482FE008EF966 /* PersonCell.swift */,
			);
			path = Views;
			sourceTree = "<group>";
		};
		00AD281A20449960008EF966 /* Helpers */ = {
			isa = PBXGroup;
			children = (
				00AD281B20449972008EF966 /* Extensions.swift */,
			);
			path = Helpers;
			sourceTree = "<group>";
		};
		758BB16F204A4DA50003EB42 /* Controllers */ = {
			isa = PBXGroup;
			children = (
				00AD280520445CF7008EF966 /* ViewController.swift */,
				758BB16D204A4CA10003EB42 /* PersonDetailContoller.swift */,
			);
			path = Controllers;
			sourceTree = "<group>";
		};
/* End PBXGroup section */

/* Begin PBXNativeTarget section */
		00AD27FF20445CF7008EF966 /* AppStore02 */ = {
			isa = PBXNativeTarget;
			buildConfigurationList = 00AD281220445CF7008EF966 /* Build configuration list for PBXNativeTarget "AppStore02" */;
			buildPhases = (
				00AD27FC20445CF7008EF966 /* Sources */,
				00AD27FD20445CF7008EF966 /* Frameworks */,
				00AD27FE20445CF7008EF966 /* Resources */,
			);
			buildRules = (
			);
			dependencies = (
			);
			name = AppStore02;
			productName = AppStore02;
			productReference = 00AD280020445CF7008EF966 /* AppStore02.app */;
			productType = "com.apple.product-type.application";
		};
/* End PBXNativeTarget section */

/* Begin PBXProject section */
		00AD27F820445CF7008EF966 /* Project object */ = {
			isa = PBXProject;
			attributes = {
				LastSwiftUpdateCheck = 0920;
				LastUpgradeCheck = 0920;
				ORGANIZATIONNAME = "Todd Fleeman";
				TargetAttributes = {
					00AD27FF20445CF7008EF966 = {
						CreatedOnToolsVersion = 9.2;
						ProvisioningStyle = Automatic;
					};
				};
			};
			buildConfigurationList = 00AD27FB20445CF7008EF966 /* Build configuration list for PBXProject "AppStore02" */;
			compatibilityVersion = "Xcode 8.0";
			developmentRegion = en;
			hasScannedForEncodings = 0;
			knownRegions = (
				en,
				Base,
			);
			mainGroup = 00AD27F720445CF7008EF966;
			productRefGroup = 00AD280120445CF7008EF966 /* Products */;
			projectDirPath = "";
			projectRoot = "";
			targets = (
				00AD27FF20445CF7008EF966 /* AppStore02 */,
			);
		};
/* End PBXProject section */

/* Begin PBXResourcesBuildPhase section */
		00AD27FE20445CF7008EF966 /* Resources */ = {
			isa = PBXResourcesBuildPhase;
			buildActionMask = 2147483647;
			files = (
				00AD280E20445CF7008EF966 /* LaunchScreen.storyboard in Resources */,
				00AD280B20445CF7008EF966 /* Assets.xcassets in Resources */,
			);
			runOnlyForDeploymentPostprocessing = 0;
		};
/* End PBXResourcesBuildPhase section */

/* Begin PBXSourcesBuildPhase section */
		00AD27FC20445CF7008EF966 /* Sources */ = {
			isa = PBXSourcesBuildPhase;
			buildActionMask = 2147483647;
			files = (
				00AD281C20449972008EF966 /* Extensions.swift in Sources */,
				00AD280620445CF7008EF966 /* ViewController.swift in Sources */,
				758BB16E204A4CA10003EB42 /* PersonDetailContoller.swift in Sources */,
				00AD2819204482FE008EF966 /* PersonCell.swift in Sources */,
				00AD281E2044BB13008EF966 /* Models.swift in Sources */,
				00AD280420445CF7008EF966 /* AppDelegate.swift in Sources */,
				00AD281720447619008EF966 /* CategoryCell.swift in Sources */,
			);
			runOnlyForDeploymentPostprocessing = 0;
		};
/* End PBXSourcesBuildPhase section */

/* Begin PBXVariantGroup section */
		00AD280C20445CF7008EF966 /* LaunchScreen.storyboard */ = {
			isa = PBXVariantGroup;
			children = (
				00AD280D20445CF7008EF966 /* Base */,
			);
			name = LaunchScreen.storyboard;
			sourceTree = "<group>";
		};
/* End PBXVariantGroup section */

/* Begin XCBuildConfiguration section */
		00AD281020445CF7008EF966 /* Debug */ = {
			isa = XCBuildConfiguration;
			buildSettings = {
				ALWAYS_SEARCH_USER_PATHS = NO;
				CLANG_ANALYZER_NONNULL = YES;
				CLANG_ANALYZER_NUMBER_OBJECT_CONVERSION = YES_AGGRESSIVE;
				CLANG_CXX_LANGUAGE_STANDARD = "gnu++14";
				CLANG_CXX_LIBRARY = "libc++";
				CLANG_ENABLE_MODULES = YES;
				CLANG_ENABLE_OBJC_ARC = YES;
				CLANG_WARN_BLOCK_CAPTURE_AUTORELEASING = YES;
				CLANG_WARN_BOOL_CONVERSION = YES;
				CLANG_WARN_COMMA = YES;
				CLANG_WARN_CONSTANT_CONVERSION = YES;
				CLANG_WARN_DIRECT_OBJC_ISA_USAGE = YES_ERROR;
				CLANG_WARN_DOCUMENTATION_COMMENTS = YES;
				CLANG_WARN_EMPTY_BODY = YES;
				CLANG_WARN_ENUM_CONVERSION = YES;
				CLANG_WARN_INFINITE_RECURSION = YES;
				CLANG_WARN_INT_CONVERSION = YES;
				CLANG_WARN_NON_LITERAL_NULL_CONVERSION = YES;
				CLANG_WARN_OBJC_LITERAL_CONVERSION = YES;
				CLANG_WARN_OBJC_ROOT_CLASS = YES_ERROR;
				CLANG_WARN_RANGE_LOOP_ANALYSIS = YES;
				CLANG_WARN_STRICT_PROTOTYPES = YES;
				CLANG_WARN_SUSPICIOUS_MOVE = YES;
				CLANG_WARN_UNGUARDED_AVAILABILITY = YES_AGGRESSIVE;
				CLANG_WARN_UNREACHABLE_CODE = YES;
				CLANG_WARN__DUPLICATE_METHOD_MATCH = YES;
				CODE_SIGN_IDENTITY = "iPhone Developer";
				COPY_PHASE_STRIP = NO;
				DEBUG_INFORMATION_FORMAT = dwarf;
				ENABLE_STRICT_OBJC_MSGSEND = YES;
				ENABLE_TESTABILITY = YES;
				GCC_C_LANGUAGE_STANDARD = gnu11;
				GCC_DYNAMIC_NO_PIC = NO;
				GCC_NO_COMMON_BLOCKS = YES;
				GCC_OPTIMIZATION_LEVEL = 0;
				GCC_PREPROCESSOR_DEFINITIONS = (
					"DEBUG=1",
					"$(inherited)",
				);
				GCC_WARN_64_TO_32_BIT_CONVERSION = YES;
				GCC_WARN_ABOUT_RETURN_TYPE = YES_ERROR;
				GCC_WARN_UNDECLARED_SELECTOR = YES;
				GCC_WARN_UNINITIALIZED_AUTOS = YES_AGGRESSIVE;
				GCC_WARN_UNUSED_FUNCTION = YES;
				GCC_WARN_UNUSED_VARIABLE = YES;
				IPHONEOS_DEPLOYMENT_TARGET = 11.2;
				MTL_ENABLE_DEBUG_INFO = YES;
				ONLY_ACTIVE_ARCH = YES;
				SDKROOT = iphoneos;
				SWIFT_ACTIVE_COMPILATION_CONDITIONS = DEBUG;
				SWIFT_OPTIMIZATION_LEVEL = "-Onone";
			};
			name = Debug;
		};
		00AD281120445CF7008EF966 /* Release */ = {
			isa = XCBuildConfiguration;
			buildSettings = {
				ALWAYS_SEARCH_USER_PATHS = NO;
				CLANG_ANALYZER_NONNULL = YES;
				CLANG_ANALYZER_NUMBER_OBJECT_CONVERSION = YES_AGGRESSIVE;
				CLANG_CXX_LANGUAGE_STANDARD = "gnu++14";
				CLANG_CXX_LIBRARY = "libc++";
				CLANG_ENABLE_MODULES = YES;
				CLANG_ENABLE_OBJC_ARC = YES;
				CLANG_WARN_BLOCK_CAPTURE_AUTORELEASING = YES;
				CLANG_WARN_BOOL_CONVERSION = YES;
				CLANG_WARN_COMMA = YES;
				CLANG_WARN_CONSTANT_CONVERSION = YES;
				CLANG_WARN_DIRECT_OBJC_ISA_USAGE = YES_ERROR;
				CLANG_WARN_DOCUMENTATION_COMMENTS = YES;
				CLANG_WARN_EMPTY_BODY = YES;
				CLANG_WARN_ENUM_CONVERSION = YES;
				CLANG_WARN_INFINITE_RECURSION = YES;
				CLANG_WARN_INT_CONVERSION = YES;
				CLANG_WARN_NON_LITERAL_NULL_CONVERSION = YES;
				CLANG_WARN_OBJC_LITERAL_CONVERSION = YES;
				CLANG_WARN_OBJC_ROOT_CLASS = YES_ERROR;
				CLANG_WARN_RANGE_LOOP_ANALYSIS = YES;
				CLANG_WARN_STRICT_PROTOTYPES = YES;
				CLANG_WARN_SUSPICIOUS_MOVE = YES;
				CLANG_WARN_UNGUARDED_AVAILABILITY = YES_AGGRESSIVE;
				CLANG_WARN_UNREACHABLE_CODE = YES;
				CLANG_WARN__DUPLICATE_METHOD_MATCH = YES;
				CODE_SIGN_IDENTITY = "iPhone Developer";
				COPY_PHASE_STRIP = NO;
				DEBUG_INFORMATION_FORMAT = "dwarf-with-dsym";
				ENABLE_NS_ASSERTIONS = NO;
				ENABLE_STRICT_OBJC_MSGSEND = YES;
				GCC_C_LANGUAGE_STANDARD = gnu11;
				GCC_NO_COMMON_BLOCKS = YES;
				GCC_WARN_64_TO_32_BIT_CONVERSION = YES;
				GCC_WARN_ABOUT_RETURN_TYPE = YES_ERROR;
				GCC_WARN_UNDECLARED_SELECTOR = YES;
				GCC_WARN_UNINITIALIZED_AUTOS = YES_AGGRESSIVE;
				GCC_WARN_UNUSED_FUNCTION = YES;
				GCC_WARN_UNUSED_VARIABLE = YES;
				IPHONEOS_DEPLOYMENT_TARGET = 11.2;
				MTL_ENABLE_DEBUG_INFO = NO;
				SDKROOT = iphoneos;
				SWIFT_OPTIMIZATION_LEVEL = "-Owholemodule";
				VALIDATE_PRODUCT = YES;
			};
			name = Release;
		};
		00AD281320445CF7008EF966 /* Debug */ = {
			isa = XCBuildConfiguration;
			buildSettings = {
				ASSETCATALOG_COMPILER_APPICON_NAME = AppIcon;
				CODE_SIGN_STYLE = Automatic;
				INFOPLIST_FILE = AppStore02/Info.plist;
				LD_RUNPATH_SEARCH_PATHS = "$(inherited) @executable_path/Frameworks";
				PRODUCT_BUNDLE_IDENTIFIER = com.rtodd.AppStore02;
				PRODUCT_NAME = "$(TARGET_NAME)";
				SWIFT_VERSION = 4.0;
				TARGETED_DEVICE_FAMILY = "1,2";
			};
			name = Debug;
		};
		00AD281420445CF7008EF966 /* Release */ = {
			isa = XCBuildConfiguration;
			buildSettings = {
				ASSETCATALOG_COMPILER_APPICON_NAME = AppIcon;
				CODE_SIGN_STYLE = Automatic;
				INFOPLIST_FILE = AppStore02/Info.plist;
				LD_RUNPATH_SEARCH_PATHS = "$(inherited) @executable_path/Frameworks";
				PRODUCT_BUNDLE_IDENTIFIER = com.rtodd.AppStore02;
				PRODUCT_NAME = "$(TARGET_NAME)";
				SWIFT_VERSION = 4.0;
				TARGETED_DEVICE_FAMILY = "1,2";
			};
			name = Release;
		};
/* End XCBuildConfiguration section */

/* Begin XCConfigurationList section */
		00AD27FB20445CF7008EF966 /* Build configuration list for PBXProject "AppStore02" */ = {
			isa = XCConfigurationList;
			buildConfigurations = (
				00AD281020445CF7008EF966 /* Debug */,
				00AD281120445CF7008EF966 /* Release */,
			);
			defaultConfigurationIsVisible = 0;
			defaultConfigurationName = Release;
		};
		00AD281220445CF7008EF966 /* Build configuration list for PBXNativeTarget "AppStore02" */ = {
			isa = XCConfigurationList;
			buildConfigurations = (
				00AD281320445CF7008EF966 /* Debug */,
				00AD281420445CF7008EF966 /* Release */,
			);
			defaultConfigurationIsVisible = 0;
			defaultConfigurationName = Release;
		};
/* End XCConfigurationList section */
	};
	rootObject = 00AD27F820445CF7008EF966 /* Project object */;
}
